// !$*UTF8*$!
{
	archiveVersion = 1;
	classes = {
	};
	objectVersion = 56;
	objects = {

/* Begin PBXBuildFile section */
		8EC44DCE2C8DC25B001CB957 /* DetailImageReducer.swift in Sources */ = {isa = PBXBuildFile; fileRef = 8EC44DCD2C8DC25B001CB957 /* DetailImageReducer.swift */; };
		8EC44DD02C8DC907001CB957 /* DetailImageView.swift in Sources */ = {isa = PBXBuildFile; fileRef = 8EC44DCF2C8DC907001CB957 /* DetailImageView.swift */; };
		BECB29EF2C89B41700671266 /* RandomImageApp.swift in Sources */ = {isa = PBXBuildFile; fileRef = BECB29EE2C89B41700671266 /* RandomImageApp.swift */; };
		BECB29F12C89B41700671266 /* RandomImageView.swift in Sources */ = {isa = PBXBuildFile; fileRef = BECB29F02C89B41700671266 /* RandomImageView.swift */; };
		BECB29F32C89B41A00671266 /* Assets.xcassets in Resources */ = {isa = PBXBuildFile; fileRef = BECB29F22C89B41A00671266 /* Assets.xcassets */; };
		BECB29F62C89B41A00671266 /* Preview Assets.xcassets in Resources */ = {isa = PBXBuildFile; fileRef = BECB29F52C89B41A00671266 /* Preview Assets.xcassets */; };
		BECB29FD2C89B51E00671266 /* CustomNavigationView.swift in Sources */ = {isa = PBXBuildFile; fileRef = BECB29FC2C89B51E00671266 /* CustomNavigationView.swift */; };
		BECB2A032C89BD6B00671266 /* ImageSection.swift in Sources */ = {isa = PBXBuildFile; fileRef = BECB2A022C89BD6B00671266 /* ImageSection.swift */; };
		BECB2A062C89BD7800671266 /* NetworkService.swift in Sources */ = {isa = PBXBuildFile; fileRef = BECB2A052C89BD7800671266 /* NetworkService.swift */; };
		BECB2A082C89BD8E00671266 /* RandomImageViewModel.swift in Sources */ = {isa = PBXBuildFile; fileRef = BECB2A072C89BD8E00671266 /* RandomImageViewModel.swift */; };
		BECB2A0A2C89BD9C00671266 /* ViewModelType.swift in Sources */ = {isa = PBXBuildFile; fileRef = BECB2A092C89BD9C00671266 /* ViewModelType.swift */; };
		BECB2A0C2C89BDC900671266 /* CustomAsyncImage.swift in Sources */ = {isa = PBXBuildFile; fileRef = BECB2A0B2C89BDC900671266 /* CustomAsyncImage.swift */; };
		BECB2A112C89C1A600671266 /* ComposableArchitecture in Frameworks */ = {isa = PBXBuildFile; productRef = BECB2A102C89C1A600671266 /* ComposableArchitecture */; };
		BED71C952C89C3C100EE47F9 /* RandomImageReducer.swift in Sources */ = {isa = PBXBuildFile; fileRef = BED71C942C89C3C100EE47F9 /* RandomImageReducer.swift */; };
/* End PBXBuildFile section */

/* Begin PBXFileReference section */
		8EC44DCD2C8DC25B001CB957 /* DetailImageReducer.swift */ = {isa = PBXFileReference; lastKnownFileType = sourcecode.swift; path = DetailImageReducer.swift; sourceTree = "<group>"; };
		8EC44DCF2C8DC907001CB957 /* DetailImageView.swift */ = {isa = PBXFileReference; lastKnownFileType = sourcecode.swift; path = DetailImageView.swift; sourceTree = "<group>"; };
		BECB29EB2C89B41700671266 /* RandomImage.app */ = {isa = PBXFileReference; explicitFileType = wrapper.application; includeInIndex = 0; path = RandomImage.app; sourceTree = BUILT_PRODUCTS_DIR; };
		BECB29EE2C89B41700671266 /* RandomImageApp.swift */ = {isa = PBXFileReference; lastKnownFileType = sourcecode.swift; path = RandomImageApp.swift; sourceTree = "<group>"; };
		BECB29F02C89B41700671266 /* RandomImageView.swift */ = {isa = PBXFileReference; lastKnownFileType = sourcecode.swift; path = RandomImageView.swift; sourceTree = "<group>"; };
		BECB29F22C89B41A00671266 /* Assets.xcassets */ = {isa = PBXFileReference; lastKnownFileType = folder.assetcatalog; path = Assets.xcassets; sourceTree = "<group>"; };
		BECB29F52C89B41A00671266 /* Preview Assets.xcassets */ = {isa = PBXFileReference; lastKnownFileType = folder.assetcatalog; path = "Preview Assets.xcassets"; sourceTree = "<group>"; };
		BECB29FC2C89B51E00671266 /* CustomNavigationView.swift */ = {isa = PBXFileReference; lastKnownFileType = sourcecode.swift; path = CustomNavigationView.swift; sourceTree = "<group>"; };
		BECB2A022C89BD6B00671266 /* ImageSection.swift */ = {isa = PBXFileReference; lastKnownFileType = sourcecode.swift; path = ImageSection.swift; sourceTree = "<group>"; };
		BECB2A052C89BD7800671266 /* NetworkService.swift */ = {isa = PBXFileReference; lastKnownFileType = sourcecode.swift; path = NetworkService.swift; sourceTree = "<group>"; };
		BECB2A072C89BD8E00671266 /* RandomImageViewModel.swift */ = {isa = PBXFileReference; lastKnownFileType = sourcecode.swift; path = RandomImageViewModel.swift; sourceTree = "<group>"; };
		BECB2A092C89BD9C00671266 /* ViewModelType.swift */ = {isa = PBXFileReference; lastKnownFileType = sourcecode.swift; path = ViewModelType.swift; sourceTree = "<group>"; };
		BECB2A0B2C89BDC900671266 /* CustomAsyncImage.swift */ = {isa = PBXFileReference; lastKnownFileType = sourcecode.swift; path = CustomAsyncImage.swift; sourceTree = "<group>"; };
		BED71C942C89C3C100EE47F9 /* RandomImageReducer.swift */ = {isa = PBXFileReference; lastKnownFileType = sourcecode.swift; path = RandomImageReducer.swift; sourceTree = "<group>"; };
/* End PBXFileReference section */

/* Begin PBXFrameworksBuildPhase section */
		BECB29E82C89B41700671266 /* Frameworks */ = {
			isa = PBXFrameworksBuildPhase;
			buildActionMask = 2147483647;
			files = (
				BECB2A112C89C1A600671266 /* ComposableArchitecture in Frameworks */,
			);
			runOnlyForDeploymentPostprocessing = 0;
		};
/* End PBXFrameworksBuildPhase section */

/* Begin PBXGroup section */
		8EC44DCC2C8DC254001CB957 /* Detail */ = {
			isa = PBXGroup;
			children = (
				8EC44DCD2C8DC25B001CB957 /* DetailImageReducer.swift */,
				8EC44DCF2C8DC907001CB957 /* DetailImageView.swift */,
			);
			path = Detail;
			sourceTree = "<group>";
		};
		BECB29E22C89B41700671266 = {
			isa = PBXGroup;
			children = (
				BECB29ED2C89B41700671266 /* RandomImage */,
				BECB29EC2C89B41700671266 /* Products */,
			);
			sourceTree = "<group>";
		};
		BECB29EC2C89B41700671266 /* Products */ = {
			isa = PBXGroup;
			children = (
				BECB29EB2C89B41700671266 /* RandomImage.app */,
			);
			name = Products;
			sourceTree = "<group>";
		};
		BECB29ED2C89B41700671266 /* RandomImage */ = {
			isa = PBXGroup;
			children = (
				BECB29FF2C89BD4100671266 /* Presentation */,
				BECB29FE2C89BD3D00671266 /* Model */,
				BECB2A042C89BD6E00671266 /* Foundation */,
				BECB2A002C89BD5400671266 /* App */,
				BECB2A012C89BD5B00671266 /* Resources */,
			);
			path = RandomImage;
			sourceTree = "<group>";
		};
		BECB29F42C89B41A00671266 /* Preview Content */ = {
			isa = PBXGroup;
			children = (
				BECB29F52C89B41A00671266 /* Preview Assets.xcassets */,
			);
			path = "Preview Content";
			sourceTree = "<group>";
		};
		BECB29FE2C89BD3D00671266 /* Model */ = {
			isa = PBXGroup;
			children = (
				BECB2A022C89BD6B00671266 /* ImageSection.swift */,
			);
			path = Model;
			sourceTree = "<group>";
		};
		BECB29FF2C89BD4100671266 /* Presentation */ = {
			isa = PBXGroup;
			children = (
				8EC44DCC2C8DC254001CB957 /* Detail */,
				BECB2A0E2C89BE8300671266 /* Random */,
				BECB2A0D2C89BE7600671266 /* Custom */,
			);
			path = Presentation;
			sourceTree = "<group>";
		};
		BECB2A002C89BD5400671266 /* App */ = {
			isa = PBXGroup;
			children = (
				BECB29EE2C89B41700671266 /* RandomImageApp.swift */,
			);
			path = App;
			sourceTree = "<group>";
		};
		BECB2A012C89BD5B00671266 /* Resources */ = {
			isa = PBXGroup;
			children = (
				BECB29F22C89B41A00671266 /* Assets.xcassets */,
				BECB29F42C89B41A00671266 /* Preview Content */,
			);
			path = Resources;
			sourceTree = "<group>";
		};
		BECB2A042C89BD6E00671266 /* Foundation */ = {
			isa = PBXGroup;
			children = (
				BECB2A052C89BD7800671266 /* NetworkService.swift */,
				BECB2A092C89BD9C00671266 /* ViewModelType.swift */,
			);
			path = Foundation;
			sourceTree = "<group>";
		};
		BECB2A0D2C89BE7600671266 /* Custom */ = {
			isa = PBXGroup;
			children = (
				BECB29FC2C89B51E00671266 /* CustomNavigationView.swift */,
				BECB2A0B2C89BDC900671266 /* CustomAsyncImage.swift */,
			);
			path = Custom;
			sourceTree = "<group>";
		};
		BECB2A0E2C89BE8300671266 /* Random */ = {
			isa = PBXGroup;
			children = (
				BECB29F02C89B41700671266 /* RandomImageView.swift */,
				BECB2A072C89BD8E00671266 /* RandomImageViewModel.swift */,
				BED71C942C89C3C100EE47F9 /* RandomImageReducer.swift */,
			);
			path = Random;
			sourceTree = "<group>";
		};
/* End PBXGroup section */

/* Begin PBXNativeTarget section */
		BECB29EA2C89B41700671266 /* RandomImage */ = {
			isa = PBXNativeTarget;
			buildConfigurationList = BECB29F92C89B41A00671266 /* Build configuration list for PBXNativeTarget "RandomImage" */;
			buildPhases = (
				BECB29E72C89B41700671266 /* Sources */,
				BECB29E82C89B41700671266 /* Frameworks */,
				BECB29E92C89B41700671266 /* Resources */,
			);
			buildRules = (
			);
			dependencies = (
			);
			name = RandomImage;
			packageProductDependencies = (
				BECB2A102C89C1A600671266 /* ComposableArchitecture */,
			);
			productName = RandomImage;
			productReference = BECB29EB2C89B41700671266 /* RandomImage.app */;
			productType = "com.apple.product-type.application";
		};
/* End PBXNativeTarget section */

/* Begin PBXProject section */
		BECB29E32C89B41700671266 /* Project object */ = {
			isa = PBXProject;
			attributes = {
				BuildIndependentTargetsInParallel = 1;
				LastSwiftUpdateCheck = 1540;
				LastUpgradeCheck = 1540;
				TargetAttributes = {
					BECB29EA2C89B41700671266 = {
						CreatedOnToolsVersion = 15.4;
					};
				};
			};
			buildConfigurationList = BECB29E62C89B41700671266 /* Build configuration list for PBXProject "RandomImage" */;
			compatibilityVersion = "Xcode 14.0";
			developmentRegion = en;
			hasScannedForEncodings = 0;
			knownRegions = (
				en,
				Base,
			);
			mainGroup = BECB29E22C89B41700671266;
			packageReferences = (
				BECB2A0F2C89C1A600671266 /* XCRemoteSwiftPackageReference "swift-composable-architecture" */,
			);
			productRefGroup = BECB29EC2C89B41700671266 /* Products */;
			projectDirPath = "";
			projectRoot = "";
			targets = (
				BECB29EA2C89B41700671266 /* RandomImage */,
			);
		};
/* End PBXProject section */

/* Begin PBXResourcesBuildPhase section */
		BECB29E92C89B41700671266 /* Resources */ = {
			isa = PBXResourcesBuildPhase;
			buildActionMask = 2147483647;
			files = (
				BECB29F62C89B41A00671266 /* Preview Assets.xcassets in Resources */,
				BECB29F32C89B41A00671266 /* Assets.xcassets in Resources */,
			);
			runOnlyForDeploymentPostprocessing = 0;
		};
/* End PBXResourcesBuildPhase section */

/* Begin PBXSourcesBuildPhase section */
		BECB29E72C89B41700671266 /* Sources */ = {
			isa = PBXSourcesBuildPhase;
			buildActionMask = 2147483647;
			files = (
				BECB2A062C89BD7800671266 /* NetworkService.swift in Sources */,
				BECB29FD2C89B51E00671266 /* CustomNavigationView.swift in Sources */,
				BECB2A032C89BD6B00671266 /* ImageSection.swift in Sources */,
				BECB2A082C89BD8E00671266 /* RandomImageViewModel.swift in Sources */,
				BECB29F12C89B41700671266 /* RandomImageView.swift in Sources */,
				8EC44DD02C8DC907001CB957 /* DetailImageView.swift in Sources */,
				BECB2A0C2C89BDC900671266 /* CustomAsyncImage.swift in Sources */,
				BED71C952C89C3C100EE47F9 /* RandomImageReducer.swift in Sources */,
				BECB29EF2C89B41700671266 /* RandomImageApp.swift in Sources */,
				BECB2A0A2C89BD9C00671266 /* ViewModelType.swift in Sources */,
				8EC44DCE2C8DC25B001CB957 /* DetailImageReducer.swift in Sources */,
			);
			runOnlyForDeploymentPostprocessing = 0;
		};
/* End PBXSourcesBuildPhase section */

/* Begin XCBuildConfiguration section */
		BECB29F72C89B41A00671266 /* Debug */ = {
			isa = XCBuildConfiguration;
			buildSettings = {
				ALWAYS_SEARCH_USER_PATHS = NO;
				ASSETCATALOG_COMPILER_GENERATE_SWIFT_ASSET_SYMBOL_EXTENSIONS = YES;
				CLANG_ANALYZER_NONNULL = YES;
				CLANG_ANALYZER_NUMBER_OBJECT_CONVERSION = YES_AGGRESSIVE;
				CLANG_CXX_LANGUAGE_STANDARD = "gnu++20";
				CLANG_ENABLE_MODULES = YES;
				CLANG_ENABLE_OBJC_ARC = YES;
				CLANG_ENABLE_OBJC_WEAK = YES;
				CLANG_WARN_BLOCK_CAPTURE_AUTORELEASING = YES;
				CLANG_WARN_BOOL_CONVERSION = YES;
				CLANG_WARN_COMMA = YES;
				CLANG_WARN_CONSTANT_CONVERSION = YES;
				CLANG_WARN_DEPRECATED_OBJC_IMPLEMENTATIONS = YES;
				CLANG_WARN_DIRECT_OBJC_ISA_USAGE = YES_ERROR;
				CLANG_WARN_DOCUMENTATION_COMMENTS = YES;
				CLANG_WARN_EMPTY_BODY = YES;
				CLANG_WARN_ENUM_CONVERSION = YES;
				CLANG_WARN_INFINITE_RECURSION = YES;
				CLANG_WARN_INT_CONVERSION = YES;
				CLANG_WARN_NON_LITERAL_NULL_CONVERSION = YES;
				CLANG_WARN_OBJC_IMPLICIT_RETAIN_SELF = YES;
				CLANG_WARN_OBJC_LITERAL_CONVERSION = YES;
				CLANG_WARN_OBJC_ROOT_CLASS = YES_ERROR;
				CLANG_WARN_QUOTED_INCLUDE_IN_FRAMEWORK_HEADER = YES;
				CLANG_WARN_RANGE_LOOP_ANALYSIS = YES;
				CLANG_WARN_STRICT_PROTOTYPES = YES;
				CLANG_WARN_SUSPICIOUS_MOVE = YES;
				CLANG_WARN_UNGUARDED_AVAILABILITY = YES_AGGRESSIVE;
				CLANG_WARN_UNREACHABLE_CODE = YES;
				CLANG_WARN__DUPLICATE_METHOD_MATCH = YES;
				COPY_PHASE_STRIP = NO;
				DEBUG_INFORMATION_FORMAT = dwarf;
				ENABLE_STRICT_OBJC_MSGSEND = YES;
				ENABLE_TESTABILITY = YES;
				ENABLE_USER_SCRIPT_SANDBOXING = YES;
				GCC_C_LANGUAGE_STANDARD = gnu17;
				GCC_DYNAMIC_NO_PIC = NO;
				GCC_NO_COMMON_BLOCKS = YES;
				GCC_OPTIMIZATION_LEVEL = 0;
				GCC_PREPROCESSOR_DEFINITIONS = (
					"DEBUG=1",
					"$(inherited)",
				);
				GCC_WARN_64_TO_32_BIT_CONVERSION = YES;
				GCC_WARN_ABOUT_RETURN_TYPE = YES_ERROR;
				GCC_WARN_UNDECLARED_SELECTOR = YES;
				GCC_WARN_UNINITIALIZED_AUTOS = YES_AGGRESSIVE;
				GCC_WARN_UNUSED_FUNCTION = YES;
				GCC_WARN_UNUSED_VARIABLE = YES;
				IPHONEOS_DEPLOYMENT_TARGET = 17.5;
				LOCALIZATION_PREFERS_STRING_CATALOGS = YES;
				MTL_ENABLE_DEBUG_INFO = INCLUDE_SOURCE;
				MTL_FAST_MATH = YES;
				ONLY_ACTIVE_ARCH = YES;
				SDKROOT = iphoneos;
				SWIFT_ACTIVE_COMPILATION_CONDITIONS = "DEBUG $(inherited)";
				SWIFT_OPTIMIZATION_LEVEL = "-Onone";
			};
			name = Debug;
		};
		BECB29F82C89B41A00671266 /* Release */ = {
			isa = XCBuildConfiguration;
			buildSettings = {
				ALWAYS_SEARCH_USER_PATHS = NO;
				ASSETCATALOG_COMPILER_GENERATE_SWIFT_ASSET_SYMBOL_EXTENSIONS = YES;
				CLANG_ANALYZER_NONNULL = YES;
				CLANG_ANALYZER_NUMBER_OBJECT_CONVERSION = YES_AGGRESSIVE;
				CLANG_CXX_LANGUAGE_STANDARD = "gnu++20";
				CLANG_ENABLE_MODULES = YES;
				CLANG_ENABLE_OBJC_ARC = YES;
				CLANG_ENABLE_OBJC_WEAK = YES;
				CLANG_WARN_BLOCK_CAPTURE_AUTORELEASING = YES;
				CLANG_WARN_BOOL_CONVERSION = YES;
				CLANG_WARN_COMMA = YES;
				CLANG_WARN_CONSTANT_CONVERSION = YES;
				CLANG_WARN_DEPRECATED_OBJC_IMPLEMENTATIONS = YES;
				CLANG_WARN_DIRECT_OBJC_ISA_USAGE = YES_ERROR;
				CLANG_WARN_DOCUMENTATION_COMMENTS = YES;
				CLANG_WARN_EMPTY_BODY = YES;
				CLANG_WARN_ENUM_CONVERSION = YES;
				CLANG_WARN_INFINITE_RECURSION = YES;
				CLANG_WARN_INT_CONVERSION = YES;
				CLANG_WARN_NON_LITERAL_NULL_CONVERSION = YES;
				CLANG_WARN_OBJC_IMPLICIT_RETAIN_SELF = YES;
				CLANG_WARN_OBJC_LITERAL_CONVERSION = YES;
				CLANG_WARN_OBJC_ROOT_CLASS = YES_ERROR;
				CLANG_WARN_QUOTED_INCLUDE_IN_FRAMEWORK_HEADER = YES;
				CLANG_WARN_RANGE_LOOP_ANALYSIS = YES;
				CLANG_WARN_STRICT_PROTOTYPES = YES;
				CLANG_WARN_SUSPICIOUS_MOVE = YES;
				CLANG_WARN_UNGUARDED_AVAILABILITY = YES_AGGRESSIVE;
				CLANG_WARN_UNREACHABLE_CODE = YES;
				CLANG_WARN__DUPLICATE_METHOD_MATCH = YES;
				COPY_PHASE_STRIP = NO;
				DEBUG_INFORMATION_FORMAT = "dwarf-with-dsym";
				ENABLE_NS_ASSERTIONS = NO;
				ENABLE_STRICT_OBJC_MSGSEND = YES;
				ENABLE_USER_SCRIPT_SANDBOXING = YES;
				GCC_C_LANGUAGE_STANDARD = gnu17;
				GCC_NO_COMMON_BLOCKS = YES;
				GCC_WARN_64_TO_32_BIT_CONVERSION = YES;
				GCC_WARN_ABOUT_RETURN_TYPE = YES_ERROR;
				GCC_WARN_UNDECLARED_SELECTOR = YES;
				GCC_WARN_UNINITIALIZED_AUTOS = YES_AGGRESSIVE;
				GCC_WARN_UNUSED_FUNCTION = YES;
				GCC_WARN_UNUSED_VARIABLE = YES;
				IPHONEOS_DEPLOYMENT_TARGET = 17.5;
				LOCALIZATION_PREFERS_STRING_CATALOGS = YES;
				MTL_ENABLE_DEBUG_INFO = NO;
				MTL_FAST_MATH = YES;
				SDKROOT = iphoneos;
				SWIFT_COMPILATION_MODE = wholemodule;
				VALIDATE_PRODUCT = YES;
			};
			name = Release;
		};
		BECB29FA2C89B41A00671266 /* Debug */ = {
			isa = XCBuildConfiguration;
			buildSettings = {
				ASSETCATALOG_COMPILER_APPICON_NAME = AppIcon;
				ASSETCATALOG_COMPILER_GLOBAL_ACCENT_COLOR_NAME = AccentColor;
				CODE_SIGN_STYLE = Automatic;
				CURRENT_PROJECT_VERSION = 1;
				DEVELOPMENT_ASSET_PATHS = "\"RandomImage/Resources/Preview Content\"";
				DEVELOPMENT_TEAM = ASU4PNB5MG;
				ENABLE_PREVIEWS = YES;
				GENERATE_INFOPLIST_FILE = YES;
				INFOPLIST_KEY_UIApplicationSceneManifest_Generation = YES;
				INFOPLIST_KEY_UIApplicationSupportsIndirectInputEvents = YES;
				INFOPLIST_KEY_UILaunchScreen_Generation = YES;
				INFOPLIST_KEY_UISupportedInterfaceOrientations_iPad = "UIInterfaceOrientationPortrait UIInterfaceOrientationPortraitUpsideDown UIInterfaceOrientationLandscapeLeft UIInterfaceOrientationLandscapeRight";
				INFOPLIST_KEY_UISupportedInterfaceOrientations_iPhone = "UIInterfaceOrientationPortrait UIInterfaceOrientationLandscapeLeft UIInterfaceOrientationLandscapeRight";
				IPHONEOS_DEPLOYMENT_TARGET = 16.0;
				LD_RUNPATH_SEARCH_PATHS = (
					"$(inherited)",
					"@executable_path/Frameworks",
				);
				MARKETING_VERSION = 1.0;
				PRODUCT_BUNDLE_IDENTIFIER = com.geonseobkim.RandomImage;
				PRODUCT_NAME = "$(TARGET_NAME)";
				SWIFT_EMIT_LOC_STRINGS = YES;
				SWIFT_VERSION = 5.0;
				TARGETED_DEVICE_FAMILY = "1,2";
			};
			name = Debug;
		};
		BECB29FB2C89B41A00671266 /* Release */ = {
			isa = XCBuildConfiguration;
			buildSettings = {
				ASSETCATALOG_COMPILER_APPICON_NAME = AppIcon;
				ASSETCATALOG_COMPILER_GLOBAL_ACCENT_COLOR_NAME = AccentColor;
				CODE_SIGN_STYLE = Automatic;
				CURRENT_PROJECT_VERSION = 1;
				DEVELOPMENT_ASSET_PATHS = "\"RandomImage/Resources/Preview Content\"";
				DEVELOPMENT_TEAM = ASU4PNB5MG;
				ENABLE_PREVIEWS = YES;
				GENERATE_INFOPLIST_FILE = YES;
				INFOPLIST_KEY_UIApplicationSceneManifest_Generation = YES;
				INFOPLIST_KEY_UIApplicationSupportsIndirectInputEvents = YES;
				INFOPLIST_KEY_UILaunchScreen_Generation = YES;
				INFOPLIST_KEY_UISupportedInterfaceOrientations_iPad = "UIInterfaceOrientationPortrait UIInterfaceOrientationPortraitUpsideDown UIInterfaceOrientationLandscapeLeft UIInterfaceOrientationLandscapeRight";
				INFOPLIST_KEY_UISupportedInterfaceOrientations_iPhone = "UIInterfaceOrientationPortrait UIInterfaceOrientationLandscapeLeft UIInterfaceOrientationLandscapeRight";
				IPHONEOS_DEPLOYMENT_TARGET = 16.0;
				LD_RUNPATH_SEARCH_PATHS = (
					"$(inherited)",
					"@executable_path/Frameworks",
				);
				MARKETING_VERSION = 1.0;
				PRODUCT_BUNDLE_IDENTIFIER = com.geonseobkim.RandomImage;
				PRODUCT_NAME = "$(TARGET_NAME)";
				SWIFT_EMIT_LOC_STRINGS = YES;
				SWIFT_VERSION = 5.0;
				TARGETED_DEVICE_FAMILY = "1,2";
			};
			name = Release;
		};
/* End XCBuildConfiguration section */

/* Begin XCConfigurationList section */
		BECB29E62C89B41700671266 /* Build configuration list for PBXProject "RandomImage" */ = {
			isa = XCConfigurationList;
			buildConfigurations = (
				BECB29F72C89B41A00671266 /* Debug */,
				BECB29F82C89B41A00671266 /* Release */,
			);
			defaultConfigurationIsVisible = 0;
			defaultConfigurationName = Release;
		};
		BECB29F92C89B41A00671266 /* Build configuration list for PBXNativeTarget "RandomImage" */ = {
			isa = XCConfigurationList;
			buildConfigurations = (
				BECB29FA2C89B41A00671266 /* Debug */,
				BECB29FB2C89B41A00671266 /* Release */,
			);
			defaultConfigurationIsVisible = 0;
			defaultConfigurationName = Release;
		};
/* End XCConfigurationList section */

/* Begin XCRemoteSwiftPackageReference section */
		BECB2A0F2C89C1A600671266 /* XCRemoteSwiftPackageReference "swift-composable-architecture" */ = {
			isa = XCRemoteSwiftPackageReference;
			repositoryURL = "https://github.com/pointfreeco/swift-composable-architecture";
			requirement = {
				kind = upToNextMajorVersion;
				minimumVersion = 1.14.0;
			};
		};
/* End XCRemoteSwiftPackageReference section */

/* Begin XCSwiftPackageProductDependency section */
		BECB2A102C89C1A600671266 /* ComposableArchitecture */ = {
			isa = XCSwiftPackageProductDependency;
			package = BECB2A0F2C89C1A600671266 /* XCRemoteSwiftPackageReference "swift-composable-architecture" */;
			productName = ComposableArchitecture;
		};
/* End XCSwiftPackageProductDependency section */
	};
	rootObject = BECB29E32C89B41700671266 /* Project object */;
}
